// !$*UTF8*$!
{
	archiveVersion = 1;
	classes = {
	};
	objectVersion = 46;
	objects = {

/* Begin PBXBuildFile section */
		1D2C85F71AE82B2B00761F49 /* RegularPolygonLayer.m in Sources */ = {isa = PBXBuildFile; fileRef = 1D2C85F61AE82B2B00761F49 /* RegularPolygonLayer.m */; };
		1D6DB4511AE2AD0000277C13 /* StatusView.m in Sources */ = {isa = PBXBuildFile; fileRef = 1D6DB4501AE2AD0000277C13 /* StatusView.m */; };
		1D6DB4671AE3416000277C13 /* NSColor+NamedColorUtilities.m in Sources */ = {isa = PBXBuildFile; fileRef = 1D6DB4661AE3416000277C13 /* NSColor+NamedColorUtilities.m */; };
		1D6DB4771AE4540300277C13 /* SymbolShapeLayer.m in Sources */ = {isa = PBXBuildFile; fileRef = 1D6DB4761AE4540300277C13 /* SymbolShapeLayer.m */; };
		1D6DB47A1AE4620200277C13 /* GeometricShapeLayer.m in Sources */ = {isa = PBXBuildFile; fileRef = 1D6DB4791AE4620200277C13 /* GeometricShapeLayer.m */; };
		1D774C271AE60744004B14F1 /* CrossShapeLayer.m in Sources */ = {isa = PBXBuildFile; fileRef = 1D774C261AE60744004B14F1 /* CrossShapeLayer.m */; };
		1DA2B4311AE580BC00BFCC5E /* CircleShapeLayer.m in Sources */ = {isa = PBXBuildFile; fileRef = 1DA2B4301AE580BC00BFCC5E /* CircleShapeLayer.m */; };
		1DA2B4371AE583C300BFCC5E /* RoundedSquareShapeLayer.m in Sources */ = {isa = PBXBuildFile; fileRef = 1DA2B4361AE583C300BFCC5E /* RoundedSquareShapeLayer.m */; };
		1DA2B4491AE58BC000BFCC5E /* StarShapeLayer.m in Sources */ = {isa = PBXBuildFile; fileRef = 1DA2B4481AE58BC000BFCC5E /* StarShapeLayer.m */; };
		1DA2B44D1AE598D800BFCC5E /* PolyShapeLayer.m in Sources */ = {isa = PBXBuildFile; fileRef = 1DA2B44C1AE598D800BFCC5E /* PolyShapeLayer.m */; };
		1DA2B4501AE5FA6200BFCC5E /* CALayer+LayoutUtilties.m in Sources */ = {isa = PBXBuildFile; fileRef = 1DA2B44F1AE5FA6200BFCC5E /* CALayer+LayoutUtilties.m */; };
		1DAF8F771ADFFEE2009CE2BE /* AppDelegate.m in Sources */ = {isa = PBXBuildFile; fileRef = 1DAF8F761ADFFEE2009CE2BE /* AppDelegate.m */; };
		1DAF8F791ADFFEE2009CE2BE /* main.m in Sources */ = {isa = PBXBuildFile; fileRef = 1DAF8F781ADFFEE2009CE2BE /* main.m */; };
		1DAF8F7B1ADFFEE2009CE2BE /* Images.xcassets in Resources */ = {isa = PBXBuildFile; fileRef = 1DAF8F7A1ADFFEE2009CE2BE /* Images.xcassets */; };
		1DAF8F7E1ADFFEE2009CE2BE /* MainMenu.xib in Resources */ = {isa = PBXBuildFile; fileRef = 1DAF8F7C1ADFFEE2009CE2BE /* MainMenu.xib */; };
		1DAF8F8A1ADFFEE2009CE2BE /* StatusThingTests.m in Sources */ = {isa = PBXBuildFile; fileRef = 1DAF8F891ADFFEE2009CE2BE /* StatusThingTests.m */; };
		1DAF8F951ADFFF50009CE2BE /* StatusController.m in Sources */ = {isa = PBXBuildFile; fileRef = 1DAF8F941ADFFF50009CE2BE /* StatusController.m */; };
		1DAF8F9B1AE002D9009CE2BE /* StatusMenu.m in Sources */ = {isa = PBXBuildFile; fileRef = 1DAF8F9A1AE002D9009CE2BE /* StatusMenu.m */; };
		1DAF8F9E1AE003D1009CE2BE /* StatusListener.m in Sources */ = {isa = PBXBuildFile; fileRef = 1DAF8F9D1AE003D1009CE2BE /* StatusListener.m */; };
/* End PBXBuildFile section */

/* Begin PBXContainerItemProxy section */
		1DAF8F841ADFFEE2009CE2BE /* PBXContainerItemProxy */ = {
			isa = PBXContainerItemProxy;
			containerPortal = 1DAF8F681ADFFEE2009CE2BE /* Project object */;
			proxyType = 1;
			remoteGlobalIDString = 1DAF8F6F1ADFFEE2009CE2BE;
			remoteInfo = StatusThing;
		};
/* End PBXContainerItemProxy section */

/* Begin PBXFileReference section */
		1D2C85F41AE748DA00761F49 /* thingstatus.py */ = {isa = PBXFileReference; lastKnownFileType = text.script.python; path = thingstatus.py; sourceTree = "<group>"; };
		1D2C85F51AE82B2B00761F49 /* RegularPolygonLayer.h */ = {isa = PBXFileReference; fileEncoding = 4; lastKnownFileType = sourcecode.c.h; path = RegularPolygonLayer.h; sourceTree = "<group>"; };
		1D2C85F61AE82B2B00761F49 /* RegularPolygonLayer.m */ = {isa = PBXFileReference; fileEncoding = 4; lastKnownFileType = sourcecode.c.objc; path = RegularPolygonLayer.m; sourceTree = "<group>"; };
		1D6DB44F1AE2AD0000277C13 /* StatusView.h */ = {isa = PBXFileReference; fileEncoding = 4; lastKnownFileType = sourcecode.c.h; path = StatusView.h; sourceTree = "<group>"; };
		1D6DB4501AE2AD0000277C13 /* StatusView.m */ = {isa = PBXFileReference; fileEncoding = 4; lastKnownFileType = sourcecode.c.objc; path = StatusView.m; sourceTree = "<group>"; };
		1D6DB4521AE2C16000277C13 /* TODO */ = {isa = PBXFileReference; fileEncoding = 4; lastKnownFileType = text; name = TODO; path = StatusThing/TODO; sourceTree = "<group>"; };
		1D6DB45B1AE3187400277C13 /* README.md */ = {isa = PBXFileReference; fileEncoding = 4; lastKnownFileType = net.daringfireball.markdown; path = README.md; sourceTree = "<group>"; };
		1D6DB4651AE3416000277C13 /* NSColor+NamedColorUtilities.h */ = {isa = PBXFileReference; fileEncoding = 4; lastKnownFileType = sourcecode.c.h; path = "NSColor+NamedColorUtilities.h"; sourceTree = "<group>"; };
		1D6DB4661AE3416000277C13 /* NSColor+NamedColorUtilities.m */ = {isa = PBXFileReference; fileEncoding = 4; lastKnownFileType = sourcecode.c.objc; path = "NSColor+NamedColorUtilities.m"; sourceTree = "<group>"; };
		1D6DB4751AE4540300277C13 /* SymbolShapeLayer.h */ = {isa = PBXFileReference; fileEncoding = 4; lastKnownFileType = sourcecode.c.h; path = SymbolShapeLayer.h; sourceTree = "<group>"; };
		1D6DB4761AE4540300277C13 /* SymbolShapeLayer.m */ = {isa = PBXFileReference; fileEncoding = 4; lastKnownFileType = sourcecode.c.objc; path = SymbolShapeLayer.m; sourceTree = "<group>"; };
		1D6DB4781AE4620200277C13 /* GeometricShapeLayer.h */ = {isa = PBXFileReference; fileEncoding = 4; lastKnownFileType = sourcecode.c.h; path = GeometricShapeLayer.h; sourceTree = "<group>"; };
		1D6DB4791AE4620200277C13 /* GeometricShapeLayer.m */ = {isa = PBXFileReference; fileEncoding = 4; lastKnownFileType = sourcecode.c.objc; path = GeometricShapeLayer.m; sourceTree = "<group>"; };
		1D774C251AE60744004B14F1 /* CrossShapeLayer.h */ = {isa = PBXFileReference; fileEncoding = 4; lastKnownFileType = sourcecode.c.h; path = CrossShapeLayer.h; sourceTree = "<group>"; };
		1D774C261AE60744004B14F1 /* CrossShapeLayer.m */ = {isa = PBXFileReference; fileEncoding = 4; lastKnownFileType = sourcecode.c.objc; path = CrossShapeLayer.m; sourceTree = "<group>"; };
		1DA2B42F1AE580BC00BFCC5E /* CircleShapeLayer.h */ = {isa = PBXFileReference; fileEncoding = 4; lastKnownFileType = sourcecode.c.h; path = CircleShapeLayer.h; sourceTree = "<group>"; };
		1DA2B4301AE580BC00BFCC5E /* CircleShapeLayer.m */ = {isa = PBXFileReference; fileEncoding = 4; lastKnownFileType = sourcecode.c.objc; path = CircleShapeLayer.m; sourceTree = "<group>"; };
		1DA2B4351AE583C300BFCC5E /* RoundedSquareShapeLayer.h */ = {isa = PBXFileReference; fileEncoding = 4; lastKnownFileType = sourcecode.c.h; path = RoundedSquareShapeLayer.h; sourceTree = "<group>"; };
		1DA2B4361AE583C300BFCC5E /* RoundedSquareShapeLayer.m */ = {isa = PBXFileReference; fileEncoding = 4; lastKnownFileType = sourcecode.c.objc; path = RoundedSquareShapeLayer.m; sourceTree = "<group>"; };
		1DA2B4471AE58BC000BFCC5E /* StarShapeLayer.h */ = {isa = PBXFileReference; fileEncoding = 4; lastKnownFileType = sourcecode.c.h; path = StarShapeLayer.h; sourceTree = "<group>"; };
		1DA2B4481AE58BC000BFCC5E /* StarShapeLayer.m */ = {isa = PBXFileReference; fileEncoding = 4; lastKnownFileType = sourcecode.c.objc; path = StarShapeLayer.m; sourceTree = "<group>"; };
		1DA2B44A1AE5933500BFCC5E /* GeometricShapes.h */ = {isa = PBXFileReference; lastKnownFileType = sourcecode.c.h; path = GeometricShapes.h; sourceTree = "<group>"; };
		1DA2B44B1AE598D800BFCC5E /* PolyShapeLayer.h */ = {isa = PBXFileReference; fileEncoding = 4; lastKnownFileType = sourcecode.c.h; path = PolyShapeLayer.h; sourceTree = "<group>"; };
		1DA2B44C1AE598D800BFCC5E /* PolyShapeLayer.m */ = {isa = PBXFileReference; fileEncoding = 4; lastKnownFileType = sourcecode.c.objc; path = PolyShapeLayer.m; sourceTree = "<group>"; };
		1DA2B44E1AE5FA6200BFCC5E /* CALayer+LayoutUtilties.h */ = {isa = PBXFileReference; fileEncoding = 4; lastKnownFileType = sourcecode.c.h; path = "CALayer+LayoutUtilties.h"; sourceTree = "<group>"; };
		1DA2B44F1AE5FA6200BFCC5E /* CALayer+LayoutUtilties.m */ = {isa = PBXFileReference; fileEncoding = 4; lastKnownFileType = sourcecode.c.objc; path = "CALayer+LayoutUtilties.m"; sourceTree = "<group>"; };
		1DAF8F701ADFFEE2009CE2BE /* StatusThing.app */ = {isa = PBXFileReference; explicitFileType = wrapper.application; includeInIndex = 0; path = StatusThing.app; sourceTree = BUILT_PRODUCTS_DIR; };
		1DAF8F741ADFFEE2009CE2BE /* Info.plist */ = {isa = PBXFileReference; lastKnownFileType = text.plist.xml; path = Info.plist; sourceTree = "<group>"; };
		1DAF8F751ADFFEE2009CE2BE /* AppDelegate.h */ = {isa = PBXFileReference; lastKnownFileType = sourcecode.c.h; path = AppDelegate.h; sourceTree = "<group>"; };
		1DAF8F761ADFFEE2009CE2BE /* AppDelegate.m */ = {isa = PBXFileReference; lastKnownFileType = sourcecode.c.objc; path = AppDelegate.m; sourceTree = "<group>"; };
		1DAF8F781ADFFEE2009CE2BE /* main.m */ = {isa = PBXFileReference; lastKnownFileType = sourcecode.c.objc; path = main.m; sourceTree = "<group>"; };
		1DAF8F7A1ADFFEE2009CE2BE /* Images.xcassets */ = {isa = PBXFileReference; lastKnownFileType = folder.assetcatalog; path = Images.xcassets; sourceTree = "<group>"; };
		1DAF8F7D1ADFFEE2009CE2BE /* Base */ = {isa = PBXFileReference; lastKnownFileType = file.xib; name = Base; path = Base.lproj/MainMenu.xib; sourceTree = "<group>"; };
		1DAF8F831ADFFEE2009CE2BE /* StatusThingTests.xctest */ = {isa = PBXFileReference; explicitFileType = wrapper.cfbundle; includeInIndex = 0; path = StatusThingTests.xctest; sourceTree = BUILT_PRODUCTS_DIR; };
		1DAF8F881ADFFEE2009CE2BE /* Info.plist */ = {isa = PBXFileReference; lastKnownFileType = text.plist.xml; path = Info.plist; sourceTree = "<group>"; };
		1DAF8F891ADFFEE2009CE2BE /* StatusThingTests.m */ = {isa = PBXFileReference; lastKnownFileType = sourcecode.c.objc; path = StatusThingTests.m; sourceTree = "<group>"; };
		1DAF8F931ADFFF50009CE2BE /* StatusController.h */ = {isa = PBXFileReference; fileEncoding = 4; lastKnownFileType = sourcecode.c.h; path = StatusController.h; sourceTree = "<group>"; };
		1DAF8F941ADFFF50009CE2BE /* StatusController.m */ = {isa = PBXFileReference; fileEncoding = 4; lastKnownFileType = sourcecode.c.objc; path = StatusController.m; sourceTree = "<group>"; };
		1DAF8F991AE002D9009CE2BE /* StatusMenu.h */ = {isa = PBXFileReference; fileEncoding = 4; lastKnownFileType = sourcecode.c.h; path = StatusMenu.h; sourceTree = "<group>"; };
		1DAF8F9A1AE002D9009CE2BE /* StatusMenu.m */ = {isa = PBXFileReference; fileEncoding = 4; lastKnownFileType = sourcecode.c.objc; path = StatusMenu.m; sourceTree = "<group>"; };
		1DAF8F9C1AE003D1009CE2BE /* StatusListener.h */ = {isa = PBXFileReference; fileEncoding = 4; lastKnownFileType = sourcecode.c.h; path = StatusListener.h; sourceTree = "<group>"; };
		1DAF8F9D1AE003D1009CE2BE /* StatusListener.m */ = {isa = PBXFileReference; fileEncoding = 4; lastKnownFileType = sourcecode.c.objc; path = StatusListener.m; sourceTree = "<group>"; };
		1DAF8F9F1AE01848009CE2BE /* Konstants.h */ = {isa = PBXFileReference; lastKnownFileType = sourcecode.c.h; path = Konstants.h; sourceTree = "<group>"; };
/* End PBXFileReference section */

/* Begin PBXFrameworksBuildPhase section */
		1DAF8F6D1ADFFEE2009CE2BE /* Frameworks */ = {
			isa = PBXFrameworksBuildPhase;
			buildActionMask = 2147483647;
			files = (
			);
			runOnlyForDeploymentPostprocessing = 0;
		};
		1DAF8F801ADFFEE2009CE2BE /* Frameworks */ = {
			isa = PBXFrameworksBuildPhase;
			buildActionMask = 2147483647;
			files = (
			);
			runOnlyForDeploymentPostprocessing = 0;
		};
/* End PBXFrameworksBuildPhase section */

/* Begin PBXGroup section */
		1D2C85F01AE748DA00761F49 /* Bindings */ = {
			isa = PBXGroup;
			children = (
				1D2C85F11AE748DA00761F49 /* Python */,
			);
			path = Bindings;
			sourceTree = "<group>";
		};
		1D2C85F11AE748DA00761F49 /* Python */ = {
			isa = PBXGroup;
			children = (
				1D2C85F41AE748DA00761F49 /* thingstatus.py */,
			);
			path = Python;
			sourceTree = "<group>";
		};
		1D2C85F81AE82B3600761F49 /* Regular Polygons */ = {
			isa = PBXGroup;
			children = (
				1D2C85F51AE82B2B00761F49 /* RegularPolygonLayer.h */,
				1D2C85F61AE82B2B00761F49 /* RegularPolygonLayer.m */,
				1DA2B4471AE58BC000BFCC5E /* StarShapeLayer.h */,
				1DA2B4481AE58BC000BFCC5E /* StarShapeLayer.m */,
			);
			name = "Regular Polygons";
			sourceTree = "<group>";
		};
		1D6DB45D1AE3308400277C13 /* Meta Data */ = {
			isa = PBXGroup;
			children = (
				1D6DB45B1AE3187400277C13 /* README.md */,
				1D6DB4521AE2C16000277C13 /* TODO */,
			);
			name = "Meta Data";
			sourceTree = "<group>";
		};
		1D6DB4611AE340EE00277C13 /* Categories */ = {
			isa = PBXGroup;
			children = (
				1D6DB4651AE3416000277C13 /* NSColor+NamedColorUtilities.h */,
				1D6DB4661AE3416000277C13 /* NSColor+NamedColorUtilities.m */,
				1DA2B44E1AE5FA6200BFCC5E /* CALayer+LayoutUtilties.h */,
				1DA2B44F1AE5FA6200BFCC5E /* CALayer+LayoutUtilties.m */,
			);
			name = Categories;
			sourceTree = "<group>";
		};
		1D6DB4621AE3410200277C13 /* Views */ = {
			isa = PBXGroup;
			children = (
				1D6DB44F1AE2AD0000277C13 /* StatusView.h */,
				1D6DB4501AE2AD0000277C13 /* StatusView.m */,
				1D6DB46E1AE4539600277C13 /* Layers */,
				1DAF8F991AE002D9009CE2BE /* StatusMenu.h */,
				1DAF8F9A1AE002D9009CE2BE /* StatusMenu.m */,
			);
			name = Views;
			sourceTree = "<group>";
		};
		1D6DB4631AE3410B00277C13 /* Controllers */ = {
			isa = PBXGroup;
			children = (
				1DAF8F931ADFFF50009CE2BE /* StatusController.h */,
				1DAF8F941ADFFF50009CE2BE /* StatusController.m */,
			);
			name = Controllers;
			sourceTree = "<group>";
		};
		1D6DB4641AE3411700277C13 /* Models */ = {
			isa = PBXGroup;
			children = (
				1DAF8F9C1AE003D1009CE2BE /* StatusListener.h */,
				1DAF8F9D1AE003D1009CE2BE /* StatusListener.m */,
			);
			name = Models;
			sourceTree = "<group>";
		};
		1D6DB46E1AE4539600277C13 /* Layers */ = {
			isa = PBXGroup;
			children = (
				1DA2B44B1AE598D800BFCC5E /* PolyShapeLayer.h */,
				1DA2B44C1AE598D800BFCC5E /* PolyShapeLayer.m */,
				1DA2B42E1AE57FCD00BFCC5E /* Geometric Shapes */,
				1D6DB4751AE4540300277C13 /* SymbolShapeLayer.h */,
				1D6DB4761AE4540300277C13 /* SymbolShapeLayer.m */,
			);
			name = Layers;
			sourceTree = "<group>";
		};
		1DA2B42E1AE57FCD00BFCC5E /* Geometric Shapes */ = {
			isa = PBXGroup;
			children = (
				1DA2B44A1AE5933500BFCC5E /* GeometricShapes.h */,
				1D6DB4781AE4620200277C13 /* GeometricShapeLayer.h */,
				1D6DB4791AE4620200277C13 /* GeometricShapeLayer.m */,
				1DA2B42F1AE580BC00BFCC5E /* CircleShapeLayer.h */,
				1DA2B4301AE580BC00BFCC5E /* CircleShapeLayer.m */,
				1DA2B4351AE583C300BFCC5E /* RoundedSquareShapeLayer.h */,
				1DA2B4361AE583C300BFCC5E /* RoundedSquareShapeLayer.m */,
				1D774C251AE60744004B14F1 /* CrossShapeLayer.h */,
				1D774C261AE60744004B14F1 /* CrossShapeLayer.m */,
				1D2C85F81AE82B3600761F49 /* Regular Polygons */,
			);
			name = "Geometric Shapes";
			sourceTree = "<group>";
		};
		1DAF8F671ADFFEE2009CE2BE = {
			isa = PBXGroup;
			children = (
				1D2C85F01AE748DA00761F49 /* Bindings */,
				1D6DB45D1AE3308400277C13 /* Meta Data */,
				1DAF8F721ADFFEE2009CE2BE /* StatusThing */,
				1DAF8F861ADFFEE2009CE2BE /* StatusThingTests */,
				1DAF8F711ADFFEE2009CE2BE /* Products */,
			);
			sourceTree = "<group>";
		};
		1DAF8F711ADFFEE2009CE2BE /* Products */ = {
			isa = PBXGroup;
			children = (
				1DAF8F701ADFFEE2009CE2BE /* StatusThing.app */,
				1DAF8F831ADFFEE2009CE2BE /* StatusThingTests.xctest */,
			);
			name = Products;
			sourceTree = "<group>";
		};
		1DAF8F721ADFFEE2009CE2BE /* StatusThing */ = {
			isa = PBXGroup;
			children = (
				1DAF8F751ADFFEE2009CE2BE /* AppDelegate.h */,
				1DAF8F761ADFFEE2009CE2BE /* AppDelegate.m */,
				1D6DB4641AE3411700277C13 /* Models */,
				1D6DB4631AE3410B00277C13 /* Controllers */,
				1D6DB4621AE3410200277C13 /* Views */,
				1D6DB4611AE340EE00277C13 /* Categories */,
				1DAF8F7A1ADFFEE2009CE2BE /* Images.xcassets */,
				1DAF8F7C1ADFFEE2009CE2BE /* MainMenu.xib */,
				1DAF8F731ADFFEE2009CE2BE /* Supporting Files */,
			);
			path = StatusThing;
			sourceTree = "<group>";
		};
		1DAF8F731ADFFEE2009CE2BE /* Supporting Files */ = {
			isa = PBXGroup;
			children = (
				1DAF8F9F1AE01848009CE2BE /* Konstants.h */,
				1DAF8F741ADFFEE2009CE2BE /* Info.plist */,
				1DAF8F781ADFFEE2009CE2BE /* main.m */,
			);
			name = "Supporting Files";
			sourceTree = "<group>";
		};
		1DAF8F861ADFFEE2009CE2BE /* StatusThingTests */ = {
			isa = PBXGroup;
			children = (
				1DAF8F891ADFFEE2009CE2BE /* StatusThingTests.m */,
				1DAF8F871ADFFEE2009CE2BE /* Supporting Files */,
			);
			path = StatusThingTests;
			sourceTree = "<group>";
		};
		1DAF8F871ADFFEE2009CE2BE /* Supporting Files */ = {
			isa = PBXGroup;
			children = (
				1DAF8F881ADFFEE2009CE2BE /* Info.plist */,
			);
			name = "Supporting Files";
			sourceTree = "<group>";
		};
/* End PBXGroup section */

/* Begin PBXNativeTarget section */
		1DAF8F6F1ADFFEE2009CE2BE /* StatusThing */ = {
			isa = PBXNativeTarget;
			buildConfigurationList = 1DAF8F8D1ADFFEE2009CE2BE /* Build configuration list for PBXNativeTarget "StatusThing" */;
			buildPhases = (
				1DAF8F6C1ADFFEE2009CE2BE /* Sources */,
				1DAF8F6D1ADFFEE2009CE2BE /* Frameworks */,
				1DAF8F6E1ADFFEE2009CE2BE /* Resources */,
			);
			buildRules = (
			);
			dependencies = (
			);
			name = StatusThing;
			productName = StatusThing;
			productReference = 1DAF8F701ADFFEE2009CE2BE /* StatusThing.app */;
			productType = "com.apple.product-type.application";
		};
		1DAF8F821ADFFEE2009CE2BE /* StatusThingTests */ = {
			isa = PBXNativeTarget;
			buildConfigurationList = 1DAF8F901ADFFEE2009CE2BE /* Build configuration list for PBXNativeTarget "StatusThingTests" */;
			buildPhases = (
				1DAF8F7F1ADFFEE2009CE2BE /* Sources */,
				1DAF8F801ADFFEE2009CE2BE /* Frameworks */,
				1DAF8F811ADFFEE2009CE2BE /* Resources */,
			);
			buildRules = (
			);
			dependencies = (
				1DAF8F851ADFFEE2009CE2BE /* PBXTargetDependency */,
			);
			name = StatusThingTests;
			productName = StatusThingTests;
			productReference = 1DAF8F831ADFFEE2009CE2BE /* StatusThingTests.xctest */;
			productType = "com.apple.product-type.bundle.unit-test";
		};
/* End PBXNativeTarget section */

/* Begin PBXProject section */
		1DAF8F681ADFFEE2009CE2BE /* Project object */ = {
			isa = PBXProject;
			attributes = {
				LastUpgradeCheck = 0630;
				ORGANIZATIONNAME = "Symbolic Armageddon";
				TargetAttributes = {
					1DAF8F6F1ADFFEE2009CE2BE = {
						CreatedOnToolsVersion = 6.3;
					};
					1DAF8F821ADFFEE2009CE2BE = {
						CreatedOnToolsVersion = 6.3;
						TestTargetID = 1DAF8F6F1ADFFEE2009CE2BE;
					};
				};
			};
			buildConfigurationList = 1DAF8F6B1ADFFEE2009CE2BE /* Build configuration list for PBXProject "StatusThing" */;
			compatibilityVersion = "Xcode 3.2";
			developmentRegion = English;
			hasScannedForEncodings = 0;
			knownRegions = (
				en,
				Base,
			);
			mainGroup = 1DAF8F671ADFFEE2009CE2BE;
			productRefGroup = 1DAF8F711ADFFEE2009CE2BE /* Products */;
			projectDirPath = "";
			projectRoot = "";
			targets = (
				1DAF8F6F1ADFFEE2009CE2BE /* StatusThing */,
				1DAF8F821ADFFEE2009CE2BE /* StatusThingTests */,
			);
		};
/* End PBXProject section */

/* Begin PBXResourcesBuildPhase section */
		1DAF8F6E1ADFFEE2009CE2BE /* Resources */ = {
			isa = PBXResourcesBuildPhase;
			buildActionMask = 2147483647;
			files = (
				1DAF8F7B1ADFFEE2009CE2BE /* Images.xcassets in Resources */,
				1DAF8F7E1ADFFEE2009CE2BE /* MainMenu.xib in Resources */,
			);
			runOnlyForDeploymentPostprocessing = 0;
		};
		1DAF8F811ADFFEE2009CE2BE /* Resources */ = {
			isa = PBXResourcesBuildPhase;
			buildActionMask = 2147483647;
			files = (
			);
			runOnlyForDeploymentPostprocessing = 0;
		};
/* End PBXResourcesBuildPhase section */

/* Begin PBXSourcesBuildPhase section */
		1DAF8F6C1ADFFEE2009CE2BE /* Sources */ = {
			isa = PBXSourcesBuildPhase;
			buildActionMask = 2147483647;
			files = (
				1DA2B4501AE5FA6200BFCC5E /* CALayer+LayoutUtilties.m in Sources */,
				1DAF8F9B1AE002D9009CE2BE /* StatusMenu.m in Sources */,
				1D6DB4671AE3416000277C13 /* NSColor+NamedColorUtilities.m in Sources */,
				1DAF8F791ADFFEE2009CE2BE /* main.m in Sources */,
				1DA2B4371AE583C300BFCC5E /* RoundedSquareShapeLayer.m in Sources */,
				1D6DB4771AE4540300277C13 /* SymbolShapeLayer.m in Sources */,
				1DAF8F951ADFFF50009CE2BE /* StatusController.m in Sources */,
				1DAF8F771ADFFEE2009CE2BE /* AppDelegate.m in Sources */,
				1DA2B44D1AE598D800BFCC5E /* PolyShapeLayer.m in Sources */,
				1D774C271AE60744004B14F1 /* CrossShapeLayer.m in Sources */,
				1D2C85F71AE82B2B00761F49 /* RegularPolygonLayer.m in Sources */,
				1D6DB47A1AE4620200277C13 /* GeometricShapeLayer.m in Sources */,
				1DA2B4311AE580BC00BFCC5E /* CircleShapeLayer.m in Sources */,
				1DAF8F9E1AE003D1009CE2BE /* StatusListener.m in Sources */,
				1D6DB4511AE2AD0000277C13 /* StatusView.m in Sources */,
				1DA2B4491AE58BC000BFCC5E /* StarShapeLayer.m in Sources */,
			);
			runOnlyForDeploymentPostprocessing = 0;
		};
		1DAF8F7F1ADFFEE2009CE2BE /* Sources */ = {
			isa = PBXSourcesBuildPhase;
			buildActionMask = 2147483647;
			files = (
				1DAF8F8A1ADFFEE2009CE2BE /* StatusThingTests.m in Sources */,
			);
			runOnlyForDeploymentPostprocessing = 0;
		};
/* End PBXSourcesBuildPhase section */

/* Begin PBXTargetDependency section */
		1DAF8F851ADFFEE2009CE2BE /* PBXTargetDependency */ = {
			isa = PBXTargetDependency;
			target = 1DAF8F6F1ADFFEE2009CE2BE /* StatusThing */;
			targetProxy = 1DAF8F841ADFFEE2009CE2BE /* PBXContainerItemProxy */;
		};
/* End PBXTargetDependency section */

/* Begin PBXVariantGroup section */
		1DAF8F7C1ADFFEE2009CE2BE /* MainMenu.xib */ = {
			isa = PBXVariantGroup;
			children = (
				1DAF8F7D1ADFFEE2009CE2BE /* Base */,
			);
			name = MainMenu.xib;
			sourceTree = "<group>";
		};
/* End PBXVariantGroup section */

/* Begin XCBuildConfiguration section */
		1DAF8F8B1ADFFEE2009CE2BE /* Debug */ = {
			isa = XCBuildConfiguration;
			buildSettings = {
				ALWAYS_SEARCH_USER_PATHS = NO;
				CLANG_CXX_LANGUAGE_STANDARD = "gnu++0x";
				CLANG_CXX_LIBRARY = "libc++";
				CLANG_ENABLE_MODULES = YES;
				CLANG_ENABLE_OBJC_ARC = YES;
				CLANG_WARN_BOOL_CONVERSION = YES;
				CLANG_WARN_CONSTANT_CONVERSION = YES;
				CLANG_WARN_DIRECT_OBJC_ISA_USAGE = YES_ERROR;
				CLANG_WARN_EMPTY_BODY = YES;
				CLANG_WARN_ENUM_CONVERSION = YES;
				CLANG_WARN_INT_CONVERSION = YES;
				CLANG_WARN_OBJC_ROOT_CLASS = YES_ERROR;
				CLANG_WARN_UNREACHABLE_CODE = YES;
				CLANG_WARN__DUPLICATE_METHOD_MATCH = YES;
				CODE_SIGN_IDENTITY = "-";
				COPY_PHASE_STRIP = NO;
				DEBUG_INFORMATION_FORMAT = dwarf;
				ENABLE_STRICT_OBJC_MSGSEND = YES;
				GCC_C_LANGUAGE_STANDARD = gnu99;
				GCC_DYNAMIC_NO_PIC = NO;
				GCC_NO_COMMON_BLOCKS = YES;
				GCC_OPTIMIZATION_LEVEL = 0;
				GCC_PREPROCESSOR_DEFINITIONS = (
					"DEBUG=1",
					"$(inherited)",
				);
				GCC_SYMBOLS_PRIVATE_EXTERN = NO;
				GCC_WARN_64_TO_32_BIT_CONVERSION = YES;
				GCC_WARN_ABOUT_RETURN_TYPE = YES_ERROR;
				GCC_WARN_UNDECLARED_SELECTOR = YES;
				GCC_WARN_UNINITIALIZED_AUTOS = YES_AGGRESSIVE;
				GCC_WARN_UNUSED_FUNCTION = YES;
				GCC_WARN_UNUSED_VARIABLE = YES;
				MACOSX_DEPLOYMENT_TARGET = 10.10;
				MTL_ENABLE_DEBUG_INFO = YES;
				ONLY_ACTIVE_ARCH = YES;
				SDKROOT = macosx;
			};
			name = Debug;
		};
		1DAF8F8C1ADFFEE2009CE2BE /* Release */ = {
			isa = XCBuildConfiguration;
			buildSettings = {
				ALWAYS_SEARCH_USER_PATHS = NO;
				CLANG_CXX_LANGUAGE_STANDARD = "gnu++0x";
				CLANG_CXX_LIBRARY = "libc++";
				CLANG_ENABLE_MODULES = YES;
				CLANG_ENABLE_OBJC_ARC = YES;
				CLANG_WARN_BOOL_CONVERSION = YES;
				CLANG_WARN_CONSTANT_CONVERSION = YES;
				CLANG_WARN_DIRECT_OBJC_ISA_USAGE = YES_ERROR;
				CLANG_WARN_EMPTY_BODY = YES;
				CLANG_WARN_ENUM_CONVERSION = YES;
				CLANG_WARN_INT_CONVERSION = YES;
				CLANG_WARN_OBJC_ROOT_CLASS = YES_ERROR;
				CLANG_WARN_UNREACHABLE_CODE = YES;
				CLANG_WARN__DUPLICATE_METHOD_MATCH = YES;
				CODE_SIGN_IDENTITY = "-";
				COPY_PHASE_STRIP = NO;
				DEBUG_INFORMATION_FORMAT = "dwarf-with-dsym";
				ENABLE_NS_ASSERTIONS = NO;
				ENABLE_STRICT_OBJC_MSGSEND = YES;
				GCC_C_LANGUAGE_STANDARD = gnu99;
				GCC_NO_COMMON_BLOCKS = YES;
				GCC_WARN_64_TO_32_BIT_CONVERSION = YES;
				GCC_WARN_ABOUT_RETURN_TYPE = YES_ERROR;
				GCC_WARN_UNDECLARED_SELECTOR = YES;
				GCC_WARN_UNINITIALIZED_AUTOS = YES_AGGRESSIVE;
				GCC_WARN_UNUSED_FUNCTION = YES;
				GCC_WARN_UNUSED_VARIABLE = YES;
				MACOSX_DEPLOYMENT_TARGET = 10.10;
				MTL_ENABLE_DEBUG_INFO = NO;
				SDKROOT = macosx;
			};
			name = Release;
		};
		1DAF8F8E1ADFFEE2009CE2BE /* Debug */ = {
			isa = XCBuildConfiguration;
			buildSettings = {
				ASSETCATALOG_COMPILER_APPICON_NAME = AppIcon;
				COMBINE_HIDPI_IMAGES = YES;
				INFOPLIST_FILE = StatusThing/Info.plist;
				LD_RUNPATH_SEARCH_PATHS = "$(inherited) @executable_path/../Frameworks";
				PRODUCT_NAME = "$(TARGET_NAME)";
			};
			name = Debug;
		};
		1DAF8F8F1ADFFEE2009CE2BE /* Release */ = {
			isa = XCBuildConfiguration;
			buildSettings = {
				ASSETCATALOG_COMPILER_APPICON_NAME = AppIcon;
				COMBINE_HIDPI_IMAGES = YES;
				INFOPLIST_FILE = StatusThing/Info.plist;
				LD_RUNPATH_SEARCH_PATHS = "$(inherited) @executable_path/../Frameworks";
				PRODUCT_NAME = "$(TARGET_NAME)";
			};
			name = Release;
		};
		1DAF8F911ADFFEE2009CE2BE /* Debug */ = {
			isa = XCBuildConfiguration;
			buildSettings = {
				BUNDLE_LOADER = "$(TEST_HOST)";
				COMBINE_HIDPI_IMAGES = YES;
				FRAMEWORK_SEARCH_PATHS = (
					"$(DEVELOPER_FRAMEWORKS_DIR)",
					"$(inherited)",
				);
				GCC_PREPROCESSOR_DEFINITIONS = (
					"DEBUG=1",
					"$(inherited)",
				);
				INFOPLIST_FILE = StatusThingTests/Info.plist;
				LD_RUNPATH_SEARCH_PATHS = "$(inherited) @executable_path/../Frameworks @loader_path/../Frameworks";
				PRODUCT_NAME = "$(TARGET_NAME)";
				TEST_HOST = "$(BUILT_PRODUCTS_DIR)/StatusThing.app/Contents/MacOS/StatusThing";
			};
			name = Debug;
		};
		1DAF8F921ADFFEE2009CE2BE /* Release */ = {
			isa = XCBuildConfiguration;
			buildSettings = {
				BUNDLE_LOADER = "$(TEST_HOST)";
				COMBINE_HIDPI_IMAGES = YES;
				FRAMEWORK_SEARCH_PATHS = (
					"$(DEVELOPER_FRAMEWORKS_DIR)",
					"$(inherited)",
				);
				INFOPLIST_FILE = StatusThingTests/Info.plist;
				LD_RUNPATH_SEARCH_PATHS = "$(inherited) @executable_path/../Frameworks @loader_path/../Frameworks";
				PRODUCT_NAME = "$(TARGET_NAME)";
				TEST_HOST = "$(BUILT_PRODUCTS_DIR)/StatusThing.app/Contents/MacOS/StatusThing";
			};
			name = Release;
		};
/* End XCBuildConfiguration section */

/* Begin XCConfigurationList section */
		1DAF8F6B1ADFFEE2009CE2BE /* Build configuration list for PBXProject "StatusThing" */ = {
			isa = XCConfigurationList;
			buildConfigurations = (
				1DAF8F8B1ADFFEE2009CE2BE /* Debug */,
				1DAF8F8C1ADFFEE2009CE2BE /* Release */,
			);
			defaultConfigurationIsVisible = 0;
			defaultConfigurationName = Release;
		};
		1DAF8F8D1ADFFEE2009CE2BE /* Build configuration list for PBXNativeTarget "StatusThing" */ = {
			isa = XCConfigurationList;
			buildConfigurations = (
				1DAF8F8E1ADFFEE2009CE2BE /* Debug */,
				1DAF8F8F1ADFFEE2009CE2BE /* Release */,
			);
			defaultConfigurationIsVisible = 0;
			defaultConfigurationName = Release;
		};
		1DAF8F901ADFFEE2009CE2BE /* Build configuration list for PBXNativeTarget "StatusThingTests" */ = {
			isa = XCConfigurationList;
			buildConfigurations = (
				1DAF8F911ADFFEE2009CE2BE /* Debug */,
				1DAF8F921ADFFEE2009CE2BE /* Release */,
			);
			defaultConfigurationIsVisible = 0;
			defaultConfigurationName = Release;
		};
/* End XCConfigurationList section */
	};
	rootObject = 1DAF8F681ADFFEE2009CE2BE /* Project object */;
}
